
Microsoft Visual Studio Solution File, Format Version 12.00
# Visual Studio Version 17
VisualStudioVersion = 17.0.31903.59
MinimumVisualStudioVersion = 10.0.40219.1
Project("{2150E333-8FDC-42A3-9474-1A3956D46DE8}") = "BuildingBlocks", "BuildingBlocks", "{E4E92F30-2F92-4D54-BB90-893FE5D39920}"
EndProject
Project("{FAE04EC0-301F-11D3-BF4B-00C04F79EFBC}") = "Contracts", "src\BuildingBlocks\Contracts\Contracts.csproj", "{5CF25C6B-A7DD-478A-AC07-B16A39D4BCE0}"
EndProject
Project("{FAE04EC0-301F-11D3-BF4B-00C04F79EFBC}") = "ServiceDefaults", "src\BuildingBlocks\ServiceDefaults\ServiceDefaults.csproj", "{B30A39F5-1915-493C-BF51-9E70B968EFBD}"
EndProject
Global
	GlobalSection(SolutionConfigurationPlatforms) = preSolution
		Debug|Any CPU = Debug|Any CPU
		Release|Any CPU = Release|Any CPU
	EndGlobalSection
	GlobalSection(SolutionProperties) = preSolution
		HideSolutionNode = FALSE
	EndGlobalSection
	GlobalSection(ProjectConfigurationPlatforms) = postSolution
		{5CF25C6B-A7DD-478A-AC07-B16A39D4BCE0}.Debug|Any CPU.ActiveCfg = Debug|Any CPU
		{5CF25C6B-A7DD-478A-AC07-B16A39D4BCE0}.Debug|Any CPU.Build.0 = Debug|Any CPU
		{5CF25C6B-A7DD-478A-AC07-B16A39D4BCE0}.Release|Any CPU.ActiveCfg = Release|Any CPU
		{5CF25C6B-A7DD-478A-AC07-B16A39D4BCE0}.Release|Any CPU.Build.0 = Release|Any CPU
		{B30A39F5-1915-493C-BF51-9E70B968EFBD}.Debug|Any CPU.ActiveCfg = Debug|Any CPU
		{B30A39F5-1915-493C-BF51-9E70B968EFBD}.Debug|Any CPU.Build.0 = Debug|Any CPU
		{B30A39F5-1915-493C-BF51-9E70B968EFBD}.Release|Any CPU.ActiveCfg = Release|Any CPU
		{B30A39F5-1915-493C-BF51-9E70B968EFBD}.Release|Any CPU.Build.0 = Release|Any CPU
	EndGlobalSection
	GlobalSection(NestedProjects) = preSolution
		{5CF25C6B-A7DD-478A-AC07-B16A39D4BCE0} = {E4E92F30-2F92-4D54-BB90-893FE5D39920}
		{B30A39F5-1915-493C-BF51-9E70B968EFBD} = {E4E92F30-2F92-4D54-BB90-893FE5D39920}
	EndGlobalSection
EndGlobal
