
Microsoft Visual Studio Solution File, Format Version 12.00
# Visual Studio Version 17
VisualStudioVersion = 17.0.31903.59
MinimumVisualStudioVersion = 10.0.40219.1
Project("{2150E333-8FDC-42A3-9474-1A3956D46DE8}") = "BuildingBlocks", "BuildingBlocks", "{E4E92F30-2F92-4D54-BB90-893FE5D39920}"
EndProject
Project("{FAE04EC0-301F-11D3-BF4B-00C04F79EFBC}") = "Contracts", "src\BuildingBlocks\Contracts\Contracts.csproj", "{5CF25C6B-A7DD-478A-AC07-B16A39D4BCE0}"
EndProject
Project("{FAE04EC0-301F-11D3-BF4B-00C04F79EFBC}") = "ServiceDefaults", "src\BuildingBlocks\ServiceDefaults\ServiceDefaults.csproj", "{B30A39F5-1915-493C-BF51-9E70B968EFBD}"
EndProject
Project("{2150E333-8FDC-42A3-9474-1A3956D46DE8}") = "Services", "Services", "{D2FCC20C-7072-4722-8051-20D1EA497E30}"
EndProject
Project("{FAE04EC0-301F-11D3-BF4B-00C04F79EFBC}") = "Partners.Api", "src\Services\Partners\Partners.Api\Partners.Api.csproj", "{F20C5B0D-9694-4242-BDC9-CEAF09F88967}"
EndProject
Project("{2150E333-8FDC-42A3-9474-1A3956D46DE8}") = "tests", "tests", "{6AC2BB26-6A2E-4DFE-989A-03280502C337}"
EndProject
Project("{FAE04EC0-301F-11D3-BF4B-00C04F79EFBC}") = "Partners.Tests", "tests\Partners.Tests\Partners.Tests.csproj", "{A4E3B262-E8D8-4406-A5C1-8066189E98F7}"
EndProject
Project("{FAE04EC0-301F-11D3-BF4B-00C04F79EFBC}") = "Commission.Api", "src\Services\Commission\Commission.Api\Commission.Api.csproj", "{46EC5E8B-52B1-4BA5-A6E4-7EDD12E96A67}"
EndProject
Project("{FAE04EC0-301F-11D3-BF4B-00C04F79EFBC}") = "Commission.Tests", "tests\Commission.Tests\Commission.Tests.csproj", "{1C259638-B2C9-4B69-9A22-1A537ACE60BB}"
EndProject
Project("{FAE04EC0-301F-11D3-BF4B-00C04F79EFBC}") = "Activity.Api", "src\Services\Activity\Activity.Api\Activity.Api.csproj", "{BC43ADA6-2EA4-42ED-BB51-8B7C306CCB3D}"
EndProject
Project("{FAE04EC0-301F-11D3-BF4B-00C04F79EFBC}") = "Wallet.Api", "src\Services\Wallet\Wallet.Api\Wallet.Api.csproj", "{3FD639E9-F29E-4FBE-B468-C1561504D299}"
EndProject
Project("{FAE04EC0-301F-11D3-BF4B-00C04F79EFBC}") = "Activity.Tests", "tests\Activity.Tests\Activity.Tests.csproj", "{F2A450F3-8188-4EA5-88C7-83B54E26F61E}"
EndProject
Project("{FAE04EC0-301F-11D3-BF4B-00C04F79EFBC}") = "Wallet.Tests", "tests\Wallet.Tests\Wallet.Tests.csproj", "{5D4CF62D-3E53-4900-A1DF-76C16692ADC8}"
EndProject
Global
	GlobalSection(SolutionConfigurationPlatforms) = preSolution
		Debug|Any CPU = Debug|Any CPU
		Release|Any CPU = Release|Any CPU
	EndGlobalSection
	GlobalSection(SolutionProperties) = preSolution
		HideSolutionNode = FALSE
	EndGlobalSection
	GlobalSection(ProjectConfigurationPlatforms) = postSolution
		{5CF25C6B-A7DD-478A-AC07-B16A39D4BCE0}.Debug|Any CPU.ActiveCfg = Debug|Any CPU
		{5CF25C6B-A7DD-478A-AC07-B16A39D4BCE0}.Debug|Any CPU.Build.0 = Debug|Any CPU
		{5CF25C6B-A7DD-478A-AC07-B16A39D4BCE0}.Release|Any CPU.ActiveCfg = Release|Any CPU
		{5CF25C6B-A7DD-478A-AC07-B16A39D4BCE0}.Release|Any CPU.Build.0 = Release|Any CPU
		{B30A39F5-1915-493C-BF51-9E70B968EFBD}.Debug|Any CPU.ActiveCfg = Debug|Any CPU
		{B30A39F5-1915-493C-BF51-9E70B968EFBD}.Debug|Any CPU.Build.0 = Debug|Any CPU
		{B30A39F5-1915-493C-BF51-9E70B968EFBD}.Release|Any CPU.ActiveCfg = Release|Any CPU
		{B30A39F5-1915-493C-BF51-9E70B968EFBD}.Release|Any CPU.Build.0 = Release|Any CPU
		{F20C5B0D-9694-4242-BDC9-CEAF09F88967}.Debug|Any CPU.ActiveCfg = Debug|Any CPU
		{F20C5B0D-9694-4242-BDC9-CEAF09F88967}.Debug|Any CPU.Build.0 = Debug|Any CPU
		{F20C5B0D-9694-4242-BDC9-CEAF09F88967}.Release|Any CPU.ActiveCfg = Release|Any CPU
		{F20C5B0D-9694-4242-BDC9-CEAF09F88967}.Release|Any CPU.Build.0 = Release|Any CPU
		{A4E3B262-E8D8-4406-A5C1-8066189E98F7}.Debug|Any CPU.ActiveCfg = Debug|Any CPU
		{A4E3B262-E8D8-4406-A5C1-8066189E98F7}.Debug|Any CPU.Build.0 = Debug|Any CPU
		{A4E3B262-E8D8-4406-A5C1-8066189E98F7}.Release|Any CPU.ActiveCfg = Release|Any CPU
		{A4E3B262-E8D8-4406-A5C1-8066189E98F7}.Release|Any CPU.Build.0 = Release|Any CPU
		{46EC5E8B-52B1-4BA5-A6E4-7EDD12E96A67}.Debug|Any CPU.ActiveCfg = Debug|Any CPU
		{46EC5E8B-52B1-4BA5-A6E4-7EDD12E96A67}.Debug|Any CPU.Build.0 = Debug|Any CPU
		{46EC5E8B-52B1-4BA5-A6E4-7EDD12E96A67}.Release|Any CPU.ActiveCfg = Release|Any CPU
		{46EC5E8B-52B1-4BA5-A6E4-7EDD12E96A67}.Release|Any CPU.Build.0 = Release|Any CPU
		{1C259638-B2C9-4B69-9A22-1A537ACE60BB}.Debug|Any CPU.ActiveCfg = Debug|Any CPU
		{1C259638-B2C9-4B69-9A22-1A537ACE60BB}.Debug|Any CPU.Build.0 = Debug|Any CPU
		{1C259638-B2C9-4B69-9A22-1A537ACE60BB}.Release|Any CPU.ActiveCfg = Release|Any CPU
		{1C259638-B2C9-4B69-9A22-1A537ACE60BB}.Release|Any CPU.Build.0 = Release|Any CPU
		{BC43ADA6-2EA4-42ED-BB51-8B7C306CCB3D}.Debug|Any CPU.ActiveCfg = Debug|Any CPU
		{BC43ADA6-2EA4-42ED-BB51-8B7C306CCB3D}.Debug|Any CPU.Build.0 = Debug|Any CPU
		{BC43ADA6-2EA4-42ED-BB51-8B7C306CCB3D}.Release|Any CPU.ActiveCfg = Release|Any CPU
		{BC43ADA6-2EA4-42ED-BB51-8B7C306CCB3D}.Release|Any CPU.Build.0 = Release|Any CPU
		{3FD639E9-F29E-4FBE-B468-C1561504D299}.Debug|Any CPU.ActiveCfg = Debug|Any CPU
		{3FD639E9-F29E-4FBE-B468-C1561504D299}.Debug|Any CPU.Build.0 = Debug|Any CPU
		{3FD639E9-F29E-4FBE-B468-C1561504D299}.Release|Any CPU.ActiveCfg = Release|Any CPU
		{3FD639E9-F29E-4FBE-B468-C1561504D299}.Release|Any CPU.Build.0 = Release|Any CPU
		{F2A450F3-8188-4EA5-88C7-83B54E26F61E}.Debug|Any CPU.ActiveCfg = Debug|Any CPU
		{F2A450F3-8188-4EA5-88C7-83B54E26F61E}.Debug|Any CPU.Build.0 = Debug|Any CPU
		{F2A450F3-8188-4EA5-88C7-83B54E26F61E}.Release|Any CPU.ActiveCfg = Release|Any CPU
		{F2A450F3-8188-4EA5-88C7-83B54E26F61E}.Release|Any CPU.Build.0 = Release|Any CPU
		{5D4CF62D-3E53-4900-A1DF-76C16692ADC8}.Debug|Any CPU.ActiveCfg = Debug|Any CPU
		{5D4CF62D-3E53-4900-A1DF-76C16692ADC8}.Debug|Any CPU.Build.0 = Debug|Any CPU
		{5D4CF62D-3E53-4900-A1DF-76C16692ADC8}.Release|Any CPU.ActiveCfg = Release|Any CPU
		{5D4CF62D-3E53-4900-A1DF-76C16692ADC8}.Release|Any CPU.Build.0 = Release|Any CPU
	EndGlobalSection
	GlobalSection(NestedProjects) = preSolution
		{5CF25C6B-A7DD-478A-AC07-B16A39D4BCE0} = {E4E92F30-2F92-4D54-BB90-893FE5D39920}
		{B30A39F5-1915-493C-BF51-9E70B968EFBD} = {E4E92F30-2F92-4D54-BB90-893FE5D39920}
		{F20C5B0D-9694-4242-BDC9-CEAF09F88967} = {D2FCC20C-7072-4722-8051-20D1EA497E30}
		{A4E3B262-E8D8-4406-A5C1-8066189E98F7} = {6AC2BB26-6A2E-4DFE-989A-03280502C337}
		{46EC5E8B-52B1-4BA5-A6E4-7EDD12E96A67} = {D2FCC20C-7072-4722-8051-20D1EA497E30}
		{1C259638-B2C9-4B69-9A22-1A537ACE60BB} = {6AC2BB26-6A2E-4DFE-989A-03280502C337}
		{BC43ADA6-2EA4-42ED-BB51-8B7C306CCB3D} = {D2FCC20C-7072-4722-8051-20D1EA497E30}
		{3FD639E9-F29E-4FBE-B468-C1561504D299} = {D2FCC20C-7072-4722-8051-20D1EA497E30}
		{F2A450F3-8188-4EA5-88C7-83B54E26F61E} = {6AC2BB26-6A2E-4DFE-989A-03280502C337}
		{5D4CF62D-3E53-4900-A1DF-76C16692ADC8} = {6AC2BB26-6A2E-4DFE-989A-03280502C337}
	EndGlobalSection
EndGlobal
